
Microsoft Visual Studio Solution File, Format Version 12.00
# Visual Studio Version 17
VisualStudioVersion = 17.14.36717.8 d17.14
MinimumVisualStudioVersion = 10.0.40219.1
Project("{FAE04EC0-301F-11D3-BF4B-00C04F79EFBC}") = "TcpChatServer", "TcpChatServer\TcpChatServer.csproj", "{42F0C03B-B011-43A5-90BA-465879F1AF42}"
EndProject
Project("{FAE04EC0-301F-11D3-BF4B-00C04F79EFBC}") = "TcpChatClient", "..\TcpChatClient\TcpChatClient.csproj", "{0BCA5B5D-5DBA-4AFF-9031-E888FD954C04}"
EndProject
Global
	GlobalSection(SolutionConfigurationPlatforms) = preSolution
		Debug|Any CPU = Debug|Any CPU
		Release|Any CPU = Release|Any CPU
	EndGlobalSection
	GlobalSection(ProjectConfigurationPlatforms) = postSolution
		{42F0C03B-B011-43A5-90BA-465879F1AF42}.Debug|Any CPU.ActiveCfg = Debug|Any CPU
		{42F0C03B-B011-43A5-90BA-465879F1AF42}.Debug|Any CPU.Build.0 = Debug|Any CPU
		{42F0C03B-B011-43A5-90BA-465879F1AF42}.Release|Any CPU.ActiveCfg = Release|Any CPU
		{42F0C03B-B011-43A5-90BA-465879F1AF42}.Release|Any CPU.Build.0 = Release|Any CPU
		{0BCA5B5D-5DBA-4AFF-9031-E888FD954C04}.Debug|Any CPU.ActiveCfg = Debug|Any CPU
		{0BCA5B5D-5DBA-4AFF-9031-E888FD954C04}.Debug|Any CPU.Build.0 = Debug|Any CPU
		{0BCA5B5D-5DBA-4AFF-9031-E888FD954C04}.Release|Any CPU.ActiveCfg = Release|Any CPU
		{0BCA5B5D-5DBA-4AFF-9031-E888FD954C04}.Release|Any CPU.Build.0 = Release|Any CPU
	EndGlobalSection
	GlobalSection(SolutionProperties) = preSolution
		HideSolutionNode = FALSE
	EndGlobalSection
	GlobalSection(ExtensibilityGlobals) = postSolution
		SolutionGuid = {7DB109C4-C0AA-4A2B-B76A-E6DE891952E5}
	EndGlobalSection
EndGlobal
